
Microsoft Visual Studio Solution File, Format Version 12.00
# Visual Studio Version 17
VisualStudioVersion = 17.4.33213.308
MinimumVisualStudioVersion = 10.0.40219.1
Project("{FAE04EC0-301F-11D3-BF4B-00C04F79EFBC}") = "twodotthree", "twodotthree\twodotthree.csproj", "{DFA76958-C7F7-4585-9E37-3393DFF1AF05}"
EndProject
Global
	GlobalSection(SolutionConfigurationPlatforms) = preSolution
		Debug|Any CPU = Debug|Any CPU
		Release|Any CPU = Release|Any CPU
	EndGlobalSection
	GlobalSection(ProjectConfigurationPlatforms) = postSolution
		{DFA76958-C7F7-4585-9E37-3393DFF1AF05}.Debug|Any CPU.ActiveCfg = Debug|Any CPU
		{DFA76958-C7F7-4585-9E37-3393DFF1AF05}.Debug|Any CPU.Build.0 = Debug|Any CPU
		{DFA76958-C7F7-4585-9E37-3393DFF1AF05}.Release|Any CPU.ActiveCfg = Release|Any CPU
		{DFA76958-C7F7-4585-9E37-3393DFF1AF05}.Release|Any CPU.Build.0 = Release|Any CPU
	EndGlobalSection
	GlobalSection(SolutionProperties) = preSolution
		HideSolutionNode = FALSE
	EndGlobalSection
	GlobalSection(ExtensibilityGlobals) = postSolution
		SolutionGuid = {01AD93F2-43D4-471B-9CE1-1B85FA480E35}
	EndGlobalSection
EndGlobal
